
Microsoft Visual Studio Solution File, Format Version 12.00
# Visual Studio 15
VisualStudioVersion = 15.0.28010.2026
MinimumVisualStudioVersion = 10.0.40219.1
Project("{FAE04EC0-301F-11D3-BF4B-00C04F79EFBC}") = "wordtopdf", "wordtopdf\wordtopdf.csproj", "{B15D32EC-E2F6-4196-98D9-5123BD485756}"
EndProject
Global
	GlobalSection(SolutionConfigurationPlatforms) = preSolution
		Debug|Any CPU = Debug|Any CPU
		Release|Any CPU = Release|Any CPU
	EndGlobalSection
	GlobalSection(ProjectConfigurationPlatforms) = postSolution
		{B15D32EC-E2F6-4196-98D9-5123BD485756}.Debug|Any CPU.ActiveCfg = Debug|Any CPU
		{B15D32EC-E2F6-4196-98D9-5123BD485756}.Debug|Any CPU.Build.0 = Debug|Any CPU
		{B15D32EC-E2F6-4196-98D9-5123BD485756}.Release|Any CPU.ActiveCfg = Release|Any CPU
		{B15D32EC-E2F6-4196-98D9-5123BD485756}.Release|Any CPU.Build.0 = Release|Any CPU
	EndGlobalSection
	GlobalSection(SolutionProperties) = preSolution
		HideSolutionNode = FALSE
	EndGlobalSection
	GlobalSection(ExtensibilityGlobals) = postSolution
		SolutionGuid = {E7764C82-9090-4DD2-8490-642E66AD75DB}
	EndGlobalSection
EndGlobal
